
Microsoft Visual Studio Solution File, Format Version 12.00
# Visual Studio Version 16
VisualStudioVersion = 25.0.1705.1
MinimumVisualStudioVersion = 10.0.40219.1
Project("{FAE04EC0-301F-11D3-BF4B-00C04F79EFBC}") = "PlanItTestProject", "PlanItTestProject.csproj", "{8375A4FC-CBE1-4D80-A2D6-BE87D747A910}"
EndProject
Global
	GlobalSection(SolutionConfigurationPlatforms) = preSolution
		Debug|Any CPU = Debug|Any CPU
		Release|Any CPU = Release|Any CPU
	EndGlobalSection
	GlobalSection(ProjectConfigurationPlatforms) = postSolution
		{8375A4FC-CBE1-4D80-A2D6-BE87D747A910}.Debug|Any CPU.ActiveCfg = Debug|Any CPU
		{8375A4FC-CBE1-4D80-A2D6-BE87D747A910}.Debug|Any CPU.Build.0 = Debug|Any CPU
		{8375A4FC-CBE1-4D80-A2D6-BE87D747A910}.Release|Any CPU.ActiveCfg = Release|Any CPU
		{8375A4FC-CBE1-4D80-A2D6-BE87D747A910}.Release|Any CPU.Build.0 = Release|Any CPU
	EndGlobalSection
	GlobalSection(SolutionProperties) = preSolution
		HideSolutionNode = FALSE
	EndGlobalSection
	GlobalSection(ExtensibilityGlobals) = postSolution
		SolutionGuid = {F5542F14-8826-4644-BCE5-43E9F7EE756B}
	EndGlobalSection
EndGlobal
